
Microsoft Visual Studio Solution File, Format Version 12.00
# Visual Studio Version 17
VisualStudioVersion = 17.3.32929.385
MinimumVisualStudioVersion = 10.0.40219.1
Project("{9A19103F-16F7-4668-BE54-9A1E7A4F7556}") = "ArquitecturaAppEmpresariales.Ecommerce.Transversal.Common", "ArquitecturaAppEmpresariales.Ecommerce.Transversal.Common\ArquitecturaAppEmpresariales.Ecommerce.Transversal.Common.csproj", "{6F8F9CB8-365D-4519-B4A3-D567338C5507}"
EndProject
Project("{2150E333-8FDC-42A3-9474-1A3956D46DE8}") = "Transversal", "Transversal", "{E16A6BC8-A648-4F7B-954B-C282EFC96DF4}"
EndProject
Project("{2150E333-8FDC-42A3-9474-1A3956D46DE8}") = "Servicio", "Servicio", "{140B716F-A927-480B-8D21-4D0751621C9F}"
EndProject
Project("{2150E333-8FDC-42A3-9474-1A3956D46DE8}") = "Infraestructura", "Infraestructura", "{D7BF986D-26AD-4D2F-B3CD-3698B8E6B550}"
EndProject
Project("{2150E333-8FDC-42A3-9474-1A3956D46DE8}") = "Dominio", "Dominio", "{87105CCB-F544-40DE-B8C0-41D30C15BACF}"
EndProject
Project("{2150E333-8FDC-42A3-9474-1A3956D46DE8}") = "Aplicacion", "Aplicacion", "{E18D1455-E30C-4F65-85DD-2E45F4BFEE4D}"
EndProject
Project("{9A19103F-16F7-4668-BE54-9A1E7A4F7556}") = "ArquitecturaAppEmpresariales.Ecommerce.Infrastructure.Data", "ArquitecturaAppEmpresariales.Ecommerce.Infrastructure.Data\ArquitecturaAppEmpresariales.Ecommerce.Infrastructure.Data.csproj", "{A452E27B-CA34-407F-AFAB-AC5BB59E3BB8}"
EndProject
Project("{9A19103F-16F7-4668-BE54-9A1E7A4F7556}") = "ArquitecturaAppEmpresariales.Ecommerce.Infrastructure.Interface", "ArquitecturaAppEmpresariales.Ecommerce.Infrastructure.Interface\ArquitecturaAppEmpresariales.Ecommerce.Infrastructure.Interface.csproj", "{C0452172-0664-42F2-8280-9DBA91880628}"
EndProject
Project("{9A19103F-16F7-4668-BE54-9A1E7A4F7556}") = "ArquitecturaAppEmpresariales.Ecommerce.Domain.Entity", "ArquitecturaAppEmpresariales.Ecommerce.Domain.Entity\ArquitecturaAppEmpresariales.Ecommerce.Domain.Entity.csproj", "{C29AD1F5-32A7-4A1A-8C78-BB80BC5AD263}"
EndProject
Project("{9A19103F-16F7-4668-BE54-9A1E7A4F7556}") = "ArquitecturaAppEmpresariales.Ecommerce.Infrastructure.Repository", "ArquitecturaAppEmpresariales.Ecommerce.Infrastructure.Repository\ArquitecturaAppEmpresariales.Ecommerce.Infrastructure.Repository.csproj", "{12A6E0A3-FC0C-49DB-AC2D-E93801C7C7B4}"
EndProject
Project("{9A19103F-16F7-4668-BE54-9A1E7A4F7556}") = "ArquitecturaAppEmpresariales.Ecommerce.Domain.Interface", "ArquitecturaAppEmpresariales.Ecommerce.Domain.Interface\ArquitecturaAppEmpresariales.Ecommerce.Domain.Interface.csproj", "{CC4D1625-8A47-4022-B66A-9F3CB5DA0075}"
EndProject
Project("{9A19103F-16F7-4668-BE54-9A1E7A4F7556}") = "ArquitecturaAppEmpresariales.Ecommerce.Domain.Core", "ArquitecturaAppEmpresariales.Ecommerce.Domain.Core\ArquitecturaAppEmpresariales.Ecommerce.Domain.Core.csproj", "{EA9D26C3-59FA-430A-8803-719324FAE3BA}"
EndProject
Project("{9A19103F-16F7-4668-BE54-9A1E7A4F7556}") = "ArquitecturaAppEmpresariales.Ecommerce.Application.DTO", "ArquitecturaAppEmpresariales.Ecommerce.Application.DTO\ArquitecturaAppEmpresariales.Ecommerce.Application.DTO.csproj", "{228A6F22-7D26-47DF-9EB8-75D6B27A2B7C}"
EndProject
Project("{9A19103F-16F7-4668-BE54-9A1E7A4F7556}") = "ArquitecturaAppEmpresariales.Ecommerce.Transversal.Mapper", "ArquitecturaAppEmpresariales.Ecommerce.Transversal.Mapper\ArquitecturaAppEmpresariales.Ecommerce.Transversal.Mapper.csproj", "{FD6ACD97-2299-42F4-BD52-4B49CEC1B53C}"
EndProject
Project("{9A19103F-16F7-4668-BE54-9A1E7A4F7556}") = "ArquitecturaAppEmpresariales.Ecommerce.Application.Interface", "ArquitecturaAppEmpresariales.Ecommerce.Application.Interface\ArquitecturaAppEmpresariales.Ecommerce.Application.Interface.csproj", "{E6DBCACE-0E09-44F7-BD6E-254DEDD07E9A}"
EndProject
Project("{9A19103F-16F7-4668-BE54-9A1E7A4F7556}") = "ArquitecturaAppEmpresariales.Application.Main", "ArquitecturaAppEmpresariales.Application.Main\ArquitecturaAppEmpresariales.Application.Main.csproj", "{FFCA5B25-2EF1-4990-8A71-11F4D09BB74A}"
EndProject
Project("{9A19103F-16F7-4668-BE54-9A1E7A4F7556}") = "ArquitecturaAppEmpresariales.Ecommerce.Services.WebApi", "ArquitecturaAppEmpresariales.Ecommerce.Services.WebApi\ArquitecturaAppEmpresariales.Ecommerce.Services.WebApi.csproj", "{413263C0-D439-4297-853A-B3F709D5819C}"
EndProject
Project("{9A19103F-16F7-4668-BE54-9A1E7A4F7556}") = "ArquitecturaAppEmpresariales.Ecommerce.Transversal.Logging", "ArquitecturaAppEmpresariales.Ecommerce.Transversal.Logging\ArquitecturaAppEmpresariales.Ecommerce.Transversal.Logging.csproj", "{5D554E65-66C9-4461-A916-FB09C3524569}"
EndProject
Project("{FAE04EC0-301F-11D3-BF4B-00C04F79EFBC}") = "ArquitecturaAppEmpresariales.Application.Validator", "ArquitecturaAppEmpresariales.Application.Validator\ArquitecturaAppEmpresariales.Application.Validator.csproj", "{94FF8129-8AEA-400A-9ADE-67BB79D31423}"
EndProject
Global
	GlobalSection(SolutionConfigurationPlatforms) = preSolution
		Debug|Any CPU = Debug|Any CPU
		Release|Any CPU = Release|Any CPU
	EndGlobalSection
	GlobalSection(ProjectConfigurationPlatforms) = postSolution
		{6F8F9CB8-365D-4519-B4A3-D567338C5507}.Debug|Any CPU.ActiveCfg = Debug|Any CPU
		{6F8F9CB8-365D-4519-B4A3-D567338C5507}.Debug|Any CPU.Build.0 = Debug|Any CPU
		{6F8F9CB8-365D-4519-B4A3-D567338C5507}.Release|Any CPU.ActiveCfg = Release|Any CPU
		{6F8F9CB8-365D-4519-B4A3-D567338C5507}.Release|Any CPU.Build.0 = Release|Any CPU
		{A452E27B-CA34-407F-AFAB-AC5BB59E3BB8}.Debug|Any CPU.ActiveCfg = Debug|Any CPU
		{A452E27B-CA34-407F-AFAB-AC5BB59E3BB8}.Debug|Any CPU.Build.0 = Debug|Any CPU
		{A452E27B-CA34-407F-AFAB-AC5BB59E3BB8}.Release|Any CPU.ActiveCfg = Release|Any CPU
		{A452E27B-CA34-407F-AFAB-AC5BB59E3BB8}.Release|Any CPU.Build.0 = Release|Any CPU
		{C0452172-0664-42F2-8280-9DBA91880628}.Debug|Any CPU.ActiveCfg = Debug|Any CPU
		{C0452172-0664-42F2-8280-9DBA91880628}.Debug|Any CPU.Build.0 = Debug|Any CPU
		{C0452172-0664-42F2-8280-9DBA91880628}.Release|Any CPU.ActiveCfg = Release|Any CPU
		{C0452172-0664-42F2-8280-9DBA91880628}.Release|Any CPU.Build.0 = Release|Any CPU
		{C29AD1F5-32A7-4A1A-8C78-BB80BC5AD263}.Debug|Any CPU.ActiveCfg = Debug|Any CPU
		{C29AD1F5-32A7-4A1A-8C78-BB80BC5AD263}.Debug|Any CPU.Build.0 = Debug|Any CPU
		{C29AD1F5-32A7-4A1A-8C78-BB80BC5AD263}.Release|Any CPU.ActiveCfg = Release|Any CPU
		{C29AD1F5-32A7-4A1A-8C78-BB80BC5AD263}.Release|Any CPU.Build.0 = Release|Any CPU
		{12A6E0A3-FC0C-49DB-AC2D-E93801C7C7B4}.Debug|Any CPU.ActiveCfg = Debug|Any CPU
		{12A6E0A3-FC0C-49DB-AC2D-E93801C7C7B4}.Debug|Any CPU.Build.0 = Debug|Any CPU
		{12A6E0A3-FC0C-49DB-AC2D-E93801C7C7B4}.Release|Any CPU.ActiveCfg = Release|Any CPU
		{12A6E0A3-FC0C-49DB-AC2D-E93801C7C7B4}.Release|Any CPU.Build.0 = Release|Any CPU
		{CC4D1625-8A47-4022-B66A-9F3CB5DA0075}.Debug|Any CPU.ActiveCfg = Debug|Any CPU
		{CC4D1625-8A47-4022-B66A-9F3CB5DA0075}.Debug|Any CPU.Build.0 = Debug|Any CPU
		{CC4D1625-8A47-4022-B66A-9F3CB5DA0075}.Release|Any CPU.ActiveCfg = Release|Any CPU
		{CC4D1625-8A47-4022-B66A-9F3CB5DA0075}.Release|Any CPU.Build.0 = Release|Any CPU
		{EA9D26C3-59FA-430A-8803-719324FAE3BA}.Debug|Any CPU.ActiveCfg = Debug|Any CPU
		{EA9D26C3-59FA-430A-8803-719324FAE3BA}.Debug|Any CPU.Build.0 = Debug|Any CPU
		{EA9D26C3-59FA-430A-8803-719324FAE3BA}.Release|Any CPU.ActiveCfg = Release|Any CPU
		{EA9D26C3-59FA-430A-8803-719324FAE3BA}.Release|Any CPU.Build.0 = Release|Any CPU
		{228A6F22-7D26-47DF-9EB8-75D6B27A2B7C}.Debug|Any CPU.ActiveCfg = Debug|Any CPU
		{228A6F22-7D26-47DF-9EB8-75D6B27A2B7C}.Debug|Any CPU.Build.0 = Debug|Any CPU
		{228A6F22-7D26-47DF-9EB8-75D6B27A2B7C}.Release|Any CPU.ActiveCfg = Release|Any CPU
		{228A6F22-7D26-47DF-9EB8-75D6B27A2B7C}.Release|Any CPU.Build.0 = Release|Any CPU
		{FD6ACD97-2299-42F4-BD52-4B49CEC1B53C}.Debug|Any CPU.ActiveCfg = Debug|Any CPU
		{FD6ACD97-2299-42F4-BD52-4B49CEC1B53C}.Debug|Any CPU.Build.0 = Debug|Any CPU
		{FD6ACD97-2299-42F4-BD52-4B49CEC1B53C}.Release|Any CPU.ActiveCfg = Release|Any CPU
		{FD6ACD97-2299-42F4-BD52-4B49CEC1B53C}.Release|Any CPU.Build.0 = Release|Any CPU
		{E6DBCACE-0E09-44F7-BD6E-254DEDD07E9A}.Debug|Any CPU.ActiveCfg = Debug|Any CPU
		{E6DBCACE-0E09-44F7-BD6E-254DEDD07E9A}.Debug|Any CPU.Build.0 = Debug|Any CPU
		{E6DBCACE-0E09-44F7-BD6E-254DEDD07E9A}.Release|Any CPU.ActiveCfg = Release|Any CPU
		{E6DBCACE-0E09-44F7-BD6E-254DEDD07E9A}.Release|Any CPU.Build.0 = Release|Any CPU
		{FFCA5B25-2EF1-4990-8A71-11F4D09BB74A}.Debug|Any CPU.ActiveCfg = Debug|Any CPU
		{FFCA5B25-2EF1-4990-8A71-11F4D09BB74A}.Debug|Any CPU.Build.0 = Debug|Any CPU
		{FFCA5B25-2EF1-4990-8A71-11F4D09BB74A}.Release|Any CPU.ActiveCfg = Release|Any CPU
		{FFCA5B25-2EF1-4990-8A71-11F4D09BB74A}.Release|Any CPU.Build.0 = Release|Any CPU
		{413263C0-D439-4297-853A-B3F709D5819C}.Debug|Any CPU.ActiveCfg = Debug|Any CPU
		{413263C0-D439-4297-853A-B3F709D5819C}.Debug|Any CPU.Build.0 = Debug|Any CPU
		{413263C0-D439-4297-853A-B3F709D5819C}.Release|Any CPU.ActiveCfg = Release|Any CPU
		{413263C0-D439-4297-853A-B3F709D5819C}.Release|Any CPU.Build.0 = Release|Any CPU
		{5D554E65-66C9-4461-A916-FB09C3524569}.Debug|Any CPU.ActiveCfg = Debug|Any CPU
		{5D554E65-66C9-4461-A916-FB09C3524569}.Debug|Any CPU.Build.0 = Debug|Any CPU
		{5D554E65-66C9-4461-A916-FB09C3524569}.Release|Any CPU.ActiveCfg = Release|Any CPU
		{5D554E65-66C9-4461-A916-FB09C3524569}.Release|Any CPU.Build.0 = Release|Any CPU
		{94FF8129-8AEA-400A-9ADE-67BB79D31423}.Debug|Any CPU.ActiveCfg = Debug|Any CPU
		{94FF8129-8AEA-400A-9ADE-67BB79D31423}.Debug|Any CPU.Build.0 = Debug|Any CPU
		{94FF8129-8AEA-400A-9ADE-67BB79D31423}.Release|Any CPU.ActiveCfg = Release|Any CPU
		{94FF8129-8AEA-400A-9ADE-67BB79D31423}.Release|Any CPU.Build.0 = Release|Any CPU
	EndGlobalSection
	GlobalSection(SolutionProperties) = preSolution
		HideSolutionNode = FALSE
	EndGlobalSection
	GlobalSection(NestedProjects) = preSolution
		{6F8F9CB8-365D-4519-B4A3-D567338C5507} = {E16A6BC8-A648-4F7B-954B-C282EFC96DF4}
		{A452E27B-CA34-407F-AFAB-AC5BB59E3BB8} = {D7BF986D-26AD-4D2F-B3CD-3698B8E6B550}
		{C0452172-0664-42F2-8280-9DBA91880628} = {D7BF986D-26AD-4D2F-B3CD-3698B8E6B550}
		{C29AD1F5-32A7-4A1A-8C78-BB80BC5AD263} = {87105CCB-F544-40DE-B8C0-41D30C15BACF}
		{12A6E0A3-FC0C-49DB-AC2D-E93801C7C7B4} = {D7BF986D-26AD-4D2F-B3CD-3698B8E6B550}
		{CC4D1625-8A47-4022-B66A-9F3CB5DA0075} = {87105CCB-F544-40DE-B8C0-41D30C15BACF}
		{EA9D26C3-59FA-430A-8803-719324FAE3BA} = {87105CCB-F544-40DE-B8C0-41D30C15BACF}
		{228A6F22-7D26-47DF-9EB8-75D6B27A2B7C} = {E18D1455-E30C-4F65-85DD-2E45F4BFEE4D}
		{FD6ACD97-2299-42F4-BD52-4B49CEC1B53C} = {E16A6BC8-A648-4F7B-954B-C282EFC96DF4}
		{E6DBCACE-0E09-44F7-BD6E-254DEDD07E9A} = {E18D1455-E30C-4F65-85DD-2E45F4BFEE4D}
		{FFCA5B25-2EF1-4990-8A71-11F4D09BB74A} = {E18D1455-E30C-4F65-85DD-2E45F4BFEE4D}
		{413263C0-D439-4297-853A-B3F709D5819C} = {140B716F-A927-480B-8D21-4D0751621C9F}
		{5D554E65-66C9-4461-A916-FB09C3524569} = {E16A6BC8-A648-4F7B-954B-C282EFC96DF4}
		{94FF8129-8AEA-400A-9ADE-67BB79D31423} = {E18D1455-E30C-4F65-85DD-2E45F4BFEE4D}
	EndGlobalSection
	GlobalSection(ExtensibilityGlobals) = postSolution
		SolutionGuid = {3B2761D7-F78C-4BC8-9DD1-26F704799886}
	EndGlobalSection
EndGlobal
